
Microsoft Visual Studio Solution File, Format Version 11.00
# Visual Studio 2010
Project("{8BC9CEB8-8B4A-11D0-8D11-00A0C91BC942}") = "openFrameworksArduino", "openFrameworksArduino.vcxproj", "{F2D197B3-FA93-024B-AF56-68490A1E4EAC}"
EndProject
Project("{8BC9CEB8-8B4A-11D0-8D11-00A0C91BC942}") = "ArduinoTest", "ArduinoTest.vcxproj", "{A06255B5-34BF-EC4B-9C6E-862E5EC87E2B}"
	ProjectSection(ProjectDependencies) = postProject
		{F2D197B3-FA93-024B-AF56-68490A1E4EAC} = {F2D197B3-FA93-024B-AF56-68490A1E4EAC}
	EndProjectSection
EndProject
Global
	GlobalSection(SolutionConfigurationPlatforms) = preSolution
		Debug|Win32 = Debug|Win32
		Release|Win32 = Release|Win32
	EndGlobalSection
	GlobalSection(ProjectConfigurationPlatforms) = postSolution
		{F2D197B3-FA93-024B-AF56-68490A1E4EAC}.Debug|Win32.ActiveCfg = Debug|Win32
		{F2D197B3-FA93-024B-AF56-68490A1E4EAC}.Debug|Win32.Build.0 = Debug|Win32
		{F2D197B3-FA93-024B-AF56-68490A1E4EAC}.Release|Win32.ActiveCfg = Release|Win32
		{F2D197B3-FA93-024B-AF56-68490A1E4EAC}.Release|Win32.Build.0 = Release|Win32
		{A06255B5-34BF-EC4B-9C6E-862E5EC87E2B}.Debug|Win32.ActiveCfg = Debug|Win32
		{A06255B5-34BF-EC4B-9C6E-862E5EC87E2B}.Debug|Win32.Build.0 = Debug|Win32
		{A06255B5-34BF-EC4B-9C6E-862E5EC87E2B}.Release|Win32.ActiveCfg = Release|Win32
		{A06255B5-34BF-EC4B-9C6E-862E5EC87E2B}.Release|Win32.Build.0 = Release|Win32
	EndGlobalSection
	GlobalSection(SolutionProperties) = preSolution
		HideSolutionNode = FALSE
	EndGlobalSection
EndGlobal
