
Microsoft Visual Studio Solution File, Format Version 11.00
# Visual Studio 2010
Project("{8BC9CEB8-8B4A-11D0-8D11-00A0C91BC942}") = "openFrameworksArduino_x64", "openFrameworksArduino_x64.vcxproj", "{D4AD56C3-FF8F-0841-8CC1-60938EF10F31}"
EndProject
Project("{8BC9CEB8-8B4A-11D0-8D11-00A0C91BC942}") = "ArduinoTest_x64", "ArduinoTest_x64.vcxproj", "{BA505253-E377-6E49-A669-0631CEBB341C}"
	ProjectSection(ProjectDependencies) = postProject
		{D4AD56C3-FF8F-0841-8CC1-60938EF10F31} = {D4AD56C3-FF8F-0841-8CC1-60938EF10F31}
	EndProjectSection
EndProject
Global
	GlobalSection(SolutionConfigurationPlatforms) = preSolution
		Debug|x64 = Debug|x64
		Release|x64 = Release|x64
	EndGlobalSection
	GlobalSection(ProjectConfigurationPlatforms) = postSolution
		{D4AD56C3-FF8F-0841-8CC1-60938EF10F31}.Debug|x64.ActiveCfg = Debug|x64
		{D4AD56C3-FF8F-0841-8CC1-60938EF10F31}.Debug|x64.Build.0 = Debug|x64
		{D4AD56C3-FF8F-0841-8CC1-60938EF10F31}.Release|x64.ActiveCfg = Release|x64
		{D4AD56C3-FF8F-0841-8CC1-60938EF10F31}.Release|x64.Build.0 = Release|x64
		{BA505253-E377-6E49-A669-0631CEBB341C}.Debug|x64.ActiveCfg = Debug|x64
		{BA505253-E377-6E49-A669-0631CEBB341C}.Debug|x64.Build.0 = Debug|x64
		{BA505253-E377-6E49-A669-0631CEBB341C}.Release|x64.ActiveCfg = Release|x64
		{BA505253-E377-6E49-A669-0631CEBB341C}.Release|x64.Build.0 = Release|x64
	EndGlobalSection
	GlobalSection(SolutionProperties) = preSolution
		HideSolutionNode = FALSE
	EndGlobalSection
EndGlobal
